
Microsoft Visual Studio Solution File, Format Version 12.00
# Visual Studio Version 16
VisualStudioVersion = 16.0.33214.272
MinimumVisualStudioVersion = 10.0.40219.1
Project("{FAE04EC0-301F-11D3-BF4B-00C04F79EFBC}") = "Module.8.Files", "Module.8.Files\Module.8.Files.csproj", "{082FCE58-49F8-4BF0-B757-A50EE8D26F36}"
EndProject
Global
	GlobalSection(SolutionConfigurationPlatforms) = preSolution
		Debug|Any CPU = Debug|Any CPU
		Release|Any CPU = Release|Any CPU
	EndGlobalSection
	GlobalSection(ProjectConfigurationPlatforms) = postSolution
		{082FCE58-49F8-4BF0-B757-A50EE8D26F36}.Debug|Any CPU.ActiveCfg = Debug|Any CPU
		{082FCE58-49F8-4BF0-B757-A50EE8D26F36}.Debug|Any CPU.Build.0 = Debug|Any CPU
		{082FCE58-49F8-4BF0-B757-A50EE8D26F36}.Release|Any CPU.ActiveCfg = Release|Any CPU
		{082FCE58-49F8-4BF0-B757-A50EE8D26F36}.Release|Any CPU.Build.0 = Release|Any CPU
	EndGlobalSection
	GlobalSection(SolutionProperties) = preSolution
		HideSolutionNode = FALSE
	EndGlobalSection
	GlobalSection(ExtensibilityGlobals) = postSolution
		SolutionGuid = {B393454E-AB80-483F-937C-F273EDA4C3AB}
	EndGlobalSection
EndGlobal
